// !$*UTF8*$!
{
	archiveVersion = 1;
	classes = {
	};
	objectVersion = 50;
	objects = {

/* Begin PBXBuildFile section */
		58132B7F22BE019600521741 /* AppDelegate.swift in Sources */ = {isa = PBXBuildFile; fileRef = 58132B7E22BE019600521741 /* AppDelegate.swift */; };
		58132B8122BE019600521741 /* SceneDelegate.swift in Sources */ = {isa = PBXBuildFile; fileRef = 58132B8022BE019600521741 /* SceneDelegate.swift */; };
		58132B8322BE019600521741 /* ContentView.swift in Sources */ = {isa = PBXBuildFile; fileRef = 58132B8222BE019600521741 /* ContentView.swift */; };
		58132B8522BE019700521741 /* Assets.xcassets in Resources */ = {isa = PBXBuildFile; fileRef = 58132B8422BE019700521741 /* Assets.xcassets */; };
		58132B8822BE019700521741 /* Preview Assets.xcassets in Resources */ = {isa = PBXBuildFile; fileRef = 58132B8722BE019700521741 /* Preview Assets.xcassets */; };
		58132B8B22BE019700521741 /* LaunchScreen.storyboard in Resources */ = {isa = PBXBuildFile; fileRef = 58132B8922BE019700521741 /* LaunchScreen.storyboard */; };
		58132B9322BE022500521741 /* Collection.swift in Sources */ = {isa = PBXBuildFile; fileRef = 58132B9222BE022500521741 /* Collection.swift */; };
		58132B9522BE05E600521741 /* TextCell.swift in Sources */ = {isa = PBXBuildFile; fileRef = 58132B9422BE05E600521741 /* TextCell.swift */; };
		DD7C74DB22C17CDC00F666FF /* CollectionFunctionBuilders.swift in Sources */ = {isa = PBXBuildFile; fileRef = DD7C74DA22C17CDC00F666FF /* CollectionFunctionBuilders.swift */; };
		DD7C74E122C407B100F666FF /* CollectionSection.swift in Sources */ = {isa = PBXBuildFile; fileRef = DD7C74E022C407B100F666FF /* CollectionSection.swift */; };
		DDE3AA2222C88E0C000D0E59 /* Extensions.swift in Sources */ = {isa = PBXBuildFile; fileRef = DDE3AA2122C88E0C000D0E59 /* Extensions.swift */; };
		DDE3AA2422C947FA000D0E59 /* SizeableCollectionView.swift in Sources */ = {isa = PBXBuildFile; fileRef = DDE3AA2322C947FA000D0E59 /* SizeableCollectionView.swift */; };
		DDE3AA2622C96AD0000D0E59 /* CollectionGroup.swift in Sources */ = {isa = PBXBuildFile; fileRef = DDE3AA2522C96AD0000D0E59 /* CollectionGroup.swift */; };
/* End PBXBuildFile section */

/* Begin PBXFileReference section */
		58132B7B22BE019600521741 /* CollectionView.app */ = {isa = PBXFileReference; explicitFileType = wrapper.application; includeInIndex = 0; path = CollectionView.app; sourceTree = BUILT_PRODUCTS_DIR; };
		58132B7E22BE019600521741 /* AppDelegate.swift */ = {isa = PBXFileReference; lastKnownFileType = sourcecode.swift; path = AppDelegate.swift; sourceTree = "<group>"; };
		58132B8022BE019600521741 /* SceneDelegate.swift */ = {isa = PBXFileReference; lastKnownFileType = sourcecode.swift; path = SceneDelegate.swift; sourceTree = "<group>"; };
		58132B8222BE019600521741 /* ContentView.swift */ = {isa = PBXFileReference; lastKnownFileType = sourcecode.swift; path = ContentView.swift; sourceTree = "<group>"; };
		58132B8422BE019700521741 /* Assets.xcassets */ = {isa = PBXFileReference; lastKnownFileType = folder.assetcatalog; path = Assets.xcassets; sourceTree = "<group>"; };
		58132B8722BE019700521741 /* Preview Assets.xcassets */ = {isa = PBXFileReference; lastKnownFileType = folder.assetcatalog; path = "Preview Assets.xcassets"; sourceTree = "<group>"; };
		58132B8A22BE019700521741 /* Base */ = {isa = PBXFileReference; lastKnownFileType = file.storyboard; name = Base; path = Base.lproj/LaunchScreen.storyboard; sourceTree = "<group>"; };
		58132B8C22BE019700521741 /* Info.plist */ = {isa = PBXFileReference; lastKnownFileType = text.plist.xml; path = Info.plist; sourceTree = "<group>"; };
		58132B9222BE022500521741 /* Collection.swift */ = {isa = PBXFileReference; lastKnownFileType = sourcecode.swift; path = Collection.swift; sourceTree = "<group>"; };
		58132B9422BE05E600521741 /* TextCell.swift */ = {isa = PBXFileReference; fileEncoding = 4; lastKnownFileType = sourcecode.swift; path = TextCell.swift; sourceTree = "<group>"; };
		DD7C74DA22C17CDC00F666FF /* CollectionFunctionBuilders.swift */ = {isa = PBXFileReference; lastKnownFileType = sourcecode.swift; path = CollectionFunctionBuilders.swift; sourceTree = "<group>"; };
		DD7C74E022C407B100F666FF /* CollectionSection.swift */ = {isa = PBXFileReference; lastKnownFileType = sourcecode.swift; path = CollectionSection.swift; sourceTree = "<group>"; };
		DDE3AA2122C88E0C000D0E59 /* Extensions.swift */ = {isa = PBXFileReference; lastKnownFileType = sourcecode.swift; path = Extensions.swift; sourceTree = "<group>"; };
		DDE3AA2322C947FA000D0E59 /* SizeableCollectionView.swift */ = {isa = PBXFileReference; lastKnownFileType = sourcecode.swift; path = SizeableCollectionView.swift; sourceTree = "<group>"; };
		DDE3AA2522C96AD0000D0E59 /* CollectionGroup.swift */ = {isa = PBXFileReference; lastKnownFileType = sourcecode.swift; path = CollectionGroup.swift; sourceTree = "<group>"; };
/* End PBXFileReference section */

/* Begin PBXFrameworksBuildPhase section */
		58132B7822BE019600521741 /* Frameworks */ = {
			isa = PBXFrameworksBuildPhase;
			buildActionMask = 2147483647;
			files = (
			);
			runOnlyForDeploymentPostprocessing = 0;
		};
/* End PBXFrameworksBuildPhase section */

/* Begin PBXGroup section */
		58132B7222BE019600521741 = {
			isa = PBXGroup;
			children = (
				58132B7D22BE019600521741 /* CollectionView */,
				58132B7C22BE019600521741 /* Products */,
			);
			sourceTree = "<group>";
		};
		58132B7C22BE019600521741 /* Products */ = {
			isa = PBXGroup;
			children = (
				58132B7B22BE019600521741 /* CollectionView.app */,
			);
			name = Products;
			sourceTree = "<group>";
		};
		58132B7D22BE019600521741 /* CollectionView */ = {
			isa = PBXGroup;
			children = (
				58132B7E22BE019600521741 /* AppDelegate.swift */,
				58132B8022BE019600521741 /* SceneDelegate.swift */,
				58132B8222BE019600521741 /* ContentView.swift */,
				58132B9222BE022500521741 /* Collection.swift */,
				DDE3AA2322C947FA000D0E59 /* SizeableCollectionView.swift */,
				DD7C74DA22C17CDC00F666FF /* CollectionFunctionBuilders.swift */,
				DD7C74E022C407B100F666FF /* CollectionSection.swift */,
				DDE3AA2522C96AD0000D0E59 /* CollectionGroup.swift */,
				DDE3AA2122C88E0C000D0E59 /* Extensions.swift */,
				58132B9422BE05E600521741 /* TextCell.swift */,
				58132B8422BE019700521741 /* Assets.xcassets */,
				58132B8922BE019700521741 /* LaunchScreen.storyboard */,
				58132B8C22BE019700521741 /* Info.plist */,
				58132B8622BE019700521741 /* Preview Content */,
			);
			path = CollectionView;
			sourceTree = "<group>";
		};
		58132B8622BE019700521741 /* Preview Content */ = {
			isa = PBXGroup;
			children = (
				58132B8722BE019700521741 /* Preview Assets.xcassets */,
			);
			path = "Preview Content";
			sourceTree = "<group>";
		};
/* End PBXGroup section */

/* Begin PBXNativeTarget section */
		58132B7A22BE019600521741 /* CollectionView */ = {
			isa = PBXNativeTarget;
			buildConfigurationList = 58132B8F22BE019700521741 /* Build configuration list for PBXNativeTarget "CollectionView" */;
			buildPhases = (
				58132B7722BE019600521741 /* Sources */,
				58132B7822BE019600521741 /* Frameworks */,
				58132B7922BE019600521741 /* Resources */,
			);
			buildRules = (
			);
			dependencies = (
			);
			name = CollectionView;
			productName = CollectionView;
			productReference = 58132B7B22BE019600521741 /* CollectionView.app */;
			productType = "com.apple.product-type.application";
		};
/* End PBXNativeTarget section */

/* Begin PBXProject section */
		58132B7322BE019600521741 /* Project object */ = {
			isa = PBXProject;
			attributes = {
				LastSwiftUpdateCheck = 1100;
				LastUpgradeCheck = 1100;
				ORGANIZATIONNAME = "Shawn Moore";
				TargetAttributes = {
					58132B7A22BE019600521741 = {
						CreatedOnToolsVersion = 11.0;
					};
				};
			};
			buildConfigurationList = 58132B7622BE019600521741 /* Build configuration list for PBXProject "CollectionView" */;
			compatibilityVersion = "Xcode 9.3";
			developmentRegion = en;
			hasScannedForEncodings = 0;
			knownRegions = (
				en,
				Base,
			);
			mainGroup = 58132B7222BE019600521741;
			productRefGroup = 58132B7C22BE019600521741 /* Products */;
			projectDirPath = "";
			projectRoot = "";
			targets = (
				58132B7A22BE019600521741 /* CollectionView */,
			);
		};
/* End PBXProject section */

/* Begin PBXResourcesBuildPhase section */
		58132B7922BE019600521741 /* Resources */ = {
			isa = PBXResourcesBuildPhase;
			buildActionMask = 2147483647;
			files = (
				58132B8B22BE019700521741 /* LaunchScreen.storyboard in Resources */,
				58132B8822BE019700521741 /* Preview Assets.xcassets in Resources */,
				58132B8522BE019700521741 /* Assets.xcassets in Resources */,
			);
			runOnlyForDeploymentPostprocessing = 0;
		};
/* End PBXResourcesBuildPhase section */

/* Begin PBXSourcesBuildPhase section */
		58132B7722BE019600521741 /* Sources */ = {
			isa = PBXSourcesBuildPhase;
			buildActionMask = 2147483647;
			files = (
				DDE3AA2422C947FA000D0E59 /* SizeableCollectionView.swift in Sources */,
				DDE3AA2622C96AD0000D0E59 /* CollectionGroup.swift in Sources */,
				58132B9522BE05E600521741 /* TextCell.swift in Sources */,
				58132B7F22BE019600521741 /* AppDelegate.swift in Sources */,
				58132B8122BE019600521741 /* SceneDelegate.swift in Sources */,
				DDE3AA2222C88E0C000D0E59 /* Extensions.swift in Sources */,
				58132B8322BE019600521741 /* ContentView.swift in Sources */,
				DD7C74E122C407B100F666FF /* CollectionSection.swift in Sources */,
				DD7C74DB22C17CDC00F666FF /* CollectionFunctionBuilders.swift in Sources */,
				58132B9322BE022500521741 /* Collection.swift in Sources */,
			);
			runOnlyForDeploymentPostprocessing = 0;
		};
/* End PBXSourcesBuildPhase section */

/* Begin PBXVariantGroup section */
		58132B8922BE019700521741 /* LaunchScreen.storyboard */ = {
			isa = PBXVariantGroup;
			children = (
				58132B8A22BE019700521741 /* Base */,
			);
			name = LaunchScreen.storyboard;
			sourceTree = "<group>";
		};
/* End PBXVariantGroup section */

/* Begin XCBuildConfiguration section */
		58132B8D22BE019700521741 /* Debug */ = {
			isa = XCBuildConfiguration;
			buildSettings = {
				ALWAYS_SEARCH_USER_PATHS = NO;
				CLANG_ANALYZER_NONNULL = YES;
				CLANG_ANALYZER_NUMBER_OBJECT_CONVERSION = YES_AGGRESSIVE;
				CLANG_CXX_LANGUAGE_STANDARD = "gnu++14";
				CLANG_CXX_LIBRARY = "libc++";
				CLANG_ENABLE_MODULES = YES;
				CLANG_ENABLE_OBJC_ARC = YES;
				CLANG_ENABLE_OBJC_WEAK = YES;
				CLANG_WARN_BLOCK_CAPTURE_AUTORELEASING = YES;
				CLANG_WARN_BOOL_CONVERSION = YES;
				CLANG_WARN_COMMA = YES;
				CLANG_WARN_CONSTANT_CONVERSION = YES;
				CLANG_WARN_DEPRECATED_OBJC_IMPLEMENTATIONS = YES;
				CLANG_WARN_DIRECT_OBJC_ISA_USAGE = YES_ERROR;
				CLANG_WARN_DOCUMENTATION_COMMENTS = YES;
				CLANG_WARN_EMPTY_BODY = YES;
				CLANG_WARN_ENUM_CONVERSION = YES;
				CLANG_WARN_INFINITE_RECURSION = YES;
				CLANG_WARN_INT_CONVERSION = YES;
				CLANG_WARN_NON_LITERAL_NULL_CONVERSION = YES;
				CLANG_WARN_OBJC_IMPLICIT_RETAIN_SELF = YES;
				CLANG_WARN_OBJC_LITERAL_CONVERSION = YES;
				CLANG_WARN_OBJC_ROOT_CLASS = YES_ERROR;
				CLANG_WARN_RANGE_LOOP_ANALYSIS = YES;
				CLANG_WARN_STRICT_PROTOTYPES = YES;
				CLANG_WARN_SUSPICIOUS_MOVE = YES;
				CLANG_WARN_UNGUARDED_AVAILABILITY = YES_AGGRESSIVE;
				CLANG_WARN_UNREACHABLE_CODE = YES;
				CLANG_WARN__DUPLICATE_METHOD_MATCH = YES;
				COPY_PHASE_STRIP = NO;
				DEBUG_INFORMATION_FORMAT = dwarf;
				ENABLE_STRICT_OBJC_MSGSEND = YES;
				ENABLE_TESTABILITY = YES;
				GCC_C_LANGUAGE_STANDARD = gnu11;
				GCC_DYNAMIC_NO_PIC = NO;
				GCC_NO_COMMON_BLOCKS = YES;
				GCC_OPTIMIZATION_LEVEL = 0;
				GCC_PREPROCESSOR_DEFINITIONS = (
					"DEBUG=1",
					"$(inherited)",
				);
				GCC_WARN_64_TO_32_BIT_CONVERSION = YES;
				GCC_WARN_ABOUT_RETURN_TYPE = YES_ERROR;
				GCC_WARN_UNDECLARED_SELECTOR = YES;
				GCC_WARN_UNINITIALIZED_AUTOS = YES_AGGRESSIVE;
				GCC_WARN_UNUSED_FUNCTION = YES;
				GCC_WARN_UNUSED_VARIABLE = YES;
				IPHONEOS_DEPLOYMENT_TARGET = 13.0;
				MTL_ENABLE_DEBUG_INFO = INCLUDE_SOURCE;
				MTL_FAST_MATH = YES;
				ONLY_ACTIVE_ARCH = YES;
				SDKROOT = iphoneos;
				SWIFT_ACTIVE_COMPILATION_CONDITIONS = DEBUG;
				SWIFT_OPTIMIZATION_LEVEL = "-Onone";
			};
			name = Debug;
		};
		58132B8E22BE019700521741 /* Release */ = {
			isa = XCBuildConfiguration;
			buildSettings = {
				ALWAYS_SEARCH_USER_PATHS = NO;
				CLANG_ANALYZER_NONNULL = YES;
				CLANG_ANALYZER_NUMBER_OBJECT_CONVERSION = YES_AGGRESSIVE;
				CLANG_CXX_LANGUAGE_STANDARD = "gnu++14";
				CLANG_CXX_LIBRARY = "libc++";
				CLANG_ENABLE_MODULES = YES;
				CLANG_ENABLE_OBJC_ARC = YES;
				CLANG_ENABLE_OBJC_WEAK = YES;
				CLANG_WARN_BLOCK_CAPTURE_AUTORELEASING = YES;
				CLANG_WARN_BOOL_CONVERSION = YES;
				CLANG_WARN_COMMA = YES;
				CLANG_WARN_CONSTANT_CONVERSION = YES;
				CLANG_WARN_DEPRECATED_OBJC_IMPLEMENTATIONS = YES;
				CLANG_WARN_DIRECT_OBJC_ISA_USAGE = YES_ERROR;
				CLANG_WARN_DOCUMENTATION_COMMENTS = YES;
				CLANG_WARN_EMPTY_BODY = YES;
				CLANG_WARN_ENUM_CONVERSION = YES;
				CLANG_WARN_INFINITE_RECURSION = YES;
				CLANG_WARN_INT_CONVERSION = YES;
				CLANG_WARN_NON_LITERAL_NULL_CONVERSION = YES;
				CLANG_WARN_OBJC_IMPLICIT_RETAIN_SELF = YES;
				CLANG_WARN_OBJC_LITERAL_CONVERSION = YES;
				CLANG_WARN_OBJC_ROOT_CLASS = YES_ERROR;
				CLANG_WARN_RANGE_LOOP_ANALYSIS = YES;
				CLANG_WARN_STRICT_PROTOTYPES = YES;
				CLANG_WARN_SUSPICIOUS_MOVE = YES;
				CLANG_WARN_UNGUARDED_AVAILABILITY = YES_AGGRESSIVE;
				CLANG_WARN_UNREACHABLE_CODE = YES;
				CLANG_WARN__DUPLICATE_METHOD_MATCH = YES;
				COPY_PHASE_STRIP = NO;
				DEBUG_INFORMATION_FORMAT = "dwarf-with-dsym";
				ENABLE_NS_ASSERTIONS = NO;
				ENABLE_STRICT_OBJC_MSGSEND = YES;
				GCC_C_LANGUAGE_STANDARD = gnu11;
				GCC_NO_COMMON_BLOCKS = YES;
				GCC_WARN_64_TO_32_BIT_CONVERSION = YES;
				GCC_WARN_ABOUT_RETURN_TYPE = YES_ERROR;
				GCC_WARN_UNDECLARED_SELECTOR = YES;
				GCC_WARN_UNINITIALIZED_AUTOS = YES_AGGRESSIVE;
				GCC_WARN_UNUSED_FUNCTION = YES;
				GCC_WARN_UNUSED_VARIABLE = YES;
				IPHONEOS_DEPLOYMENT_TARGET = 13.0;
				MTL_ENABLE_DEBUG_INFO = NO;
				MTL_FAST_MATH = YES;
				SDKROOT = iphoneos;
				SWIFT_COMPILATION_MODE = wholemodule;
				SWIFT_OPTIMIZATION_LEVEL = "-O";
				VALIDATE_PRODUCT = YES;
			};
			name = Release;
		};
		58132B9022BE019700521741 /* Debug */ = {
			isa = XCBuildConfiguration;
			buildSettings = {
				ASSETCATALOG_COMPILER_APPICON_NAME = AppIcon;
				CODE_SIGN_STYLE = Automatic;
				DEVELOPMENT_ASSET_PATHS = "CollectionView/Preview\\ Content";
				DEVELOPMENT_TEAM = 59B8VY99KD;
				ENABLE_PREVIEWS = YES;
				INFOPLIST_FILE = CollectionView/Info.plist;
				LD_RUNPATH_SEARCH_PATHS = (
					"$(inherited)",
					"@executable_path/Frameworks",
				);
				PRODUCT_BUNDLE_IDENTIFIER = com.shawnmoore.CollectionView;
				PRODUCT_NAME = "$(TARGET_NAME)";
				SWIFT_VERSION = 5.0;
				TARGETED_DEVICE_FAMILY = "1,2";
			};
			name = Debug;
		};
		58132B9122BE019700521741 /* Release */ = {
			isa = XCBuildConfiguration;
			buildSettings = {
				ASSETCATALOG_COMPILER_APPICON_NAME = AppIcon;
				CODE_SIGN_STYLE = Automatic;
				DEVELOPMENT_ASSET_PATHS = "CollectionView/Preview\\ Content";
				DEVELOPMENT_TEAM = 59B8VY99KD;
				ENABLE_PREVIEWS = YES;
				INFOPLIST_FILE = CollectionView/Info.plist;
				LD_RUNPATH_SEARCH_PATHS = (
					"$(inherited)",
					"@executable_path/Frameworks",
				);
				PRODUCT_BUNDLE_IDENTIFIER = com.shawnmoore.CollectionView;
				PRODUCT_NAME = "$(TARGET_NAME)";
				SWIFT_VERSION = 5.0;
				TARGETED_DEVICE_FAMILY = "1,2";
			};
			name = Release;
		};
/* End XCBuildConfiguration section */

/* Begin XCConfigurationList section */
		58132B7622BE019600521741 /* Build configuration list for PBXProject "CollectionView" */ = {
			isa = XCConfigurationList;
			buildConfigurations = (
				58132B8D22BE019700521741 /* Debug */,
				58132B8E22BE019700521741 /* Release */,
			);
			defaultConfigurationIsVisible = 0;
			defaultConfigurationName = Release;
		};
		58132B8F22BE019700521741 /* Build configuration list for PBXNativeTarget "CollectionView" */ = {
			isa = XCConfigurationList;
			buildConfigurations = (
				58132B9022BE019700521741 /* Debug */,
				58132B9122BE019700521741 /* Release */,
			);
			defaultConfigurationIsVisible = 0;
			defaultConfigurationName = Release;
		};
/* End XCConfigurationList section */
	};
	rootObject = 58132B7322BE019600521741 /* Project object */;
}
